
Microsoft Visual Studio Solution File, Format Version 12.00
# Visual Studio 15
VisualStudioVersion = 15.0.27130.2036
MinimumVisualStudioVersion = 10.0.40219.1
Project("{FAE04EC0-301F-11D3-BF4B-00C04F79EFBC}") = "Xamarin Dot", "Xamarin Dot\Xamarin Dot.csproj", "{918AA67F-5A6C-47A5-8A22-C7C1EEF1E601}"
EndProject
Global
	GlobalSection(SolutionConfigurationPlatforms) = preSolution
		Debug|Any CPU = Debug|Any CPU
		Release|Any CPU = Release|Any CPU
	EndGlobalSection
	GlobalSection(ProjectConfigurationPlatforms) = postSolution
		{918AA67F-5A6C-47A5-8A22-C7C1EEF1E601}.Debug|Any CPU.ActiveCfg = Debug|Any CPU
		{918AA67F-5A6C-47A5-8A22-C7C1EEF1E601}.Debug|Any CPU.Build.0 = Debug|Any CPU
		{918AA67F-5A6C-47A5-8A22-C7C1EEF1E601}.Debug|Any CPU.Deploy.0 = Debug|Any CPU
		{918AA67F-5A6C-47A5-8A22-C7C1EEF1E601}.Release|Any CPU.ActiveCfg = Release|Any CPU
		{918AA67F-5A6C-47A5-8A22-C7C1EEF1E601}.Release|Any CPU.Build.0 = Release|Any CPU
		{918AA67F-5A6C-47A5-8A22-C7C1EEF1E601}.Release|Any CPU.Deploy.0 = Release|Any CPU
	EndGlobalSection
	GlobalSection(SolutionProperties) = preSolution
		HideSolutionNode = FALSE
	EndGlobalSection
	GlobalSection(ExtensibilityGlobals) = postSolution
		SolutionGuid = {6BB06692-A49F-458E-AD1D-5ABAEE1B0A64}
	EndGlobalSection
EndGlobal
